
Microsoft Visual Studio Solution File, Format Version 12.00
# Visual Studio 15
VisualStudioVersion = 15.0.28307.329
MinimumVisualStudioVersion = 10.0.40219.1
Project("{9A19103F-16F7-4668-BE54-9A1E7A4F7556}") = "Cosmos.Encryption", "src\Cosmos.Encryption\Cosmos.Encryption.csproj", "{27C23A57-2C63-4C51-A102-A20A7A4D2016}"
EndProject
Project("{2150E333-8FDC-42A3-9474-1A3956D46DE8}") = "src", "src", "{FCC067FE-90F6-4E55-8169-7D6982B52A8A}"
EndProject
Project("{2150E333-8FDC-42A3-9474-1A3956D46DE8}") = "tests", "tests", "{FAB7E90F-6BA0-4305-96C1-B71EB1BBEEC3}"
EndProject
Project("{9A19103F-16F7-4668-BE54-9A1E7A4F7556}") = "Cosmos.Encryption.Tests", "tests\Cosmos.Encryption.Tests\Cosmos.Encryption.Tests.csproj", "{A630520D-F1C3-46C4-92C7-3AB184A26105}"
EndProject
Project("{2150E333-8FDC-42A3-9474-1A3956D46DE8}") = "build", "build", "{ACACF492-6B6B-44B7-B5EE-33A18A1C18EF}"
	ProjectSection(SolutionItems) = preProject
		build\common.props = build\common.props
		build\version.props = build\version.props
		build\misc.props = build\misc.props
		build\package.props = build\package.props
	EndProjectSection
EndProject
Project("{FAE04EC0-301F-11D3-BF4B-00C04F79EFBC}") = "Cosmos.Encryption.Tests.TestingConsole", "tests\Cosmos.Encryption.Tests.TestingConsole\Cosmos.Encryption.Tests.TestingConsole.csproj", "{68D978D8-7EA7-4C9B-B4F7-B107A68D558B}"
EndProject
Project("{2150E333-8FDC-42A3-9474-1A3956D46DE8}") = "Append Solution Folder", "Append Solution Folder", "{216BCB4D-E925-4925-8DF6-96719C2DDDAC}"
ProjectSection(SolutionItems) = preProject
	.gitignore = .gitignore
	LICENSE = LICENSE
	NuGet.config = NuGet.config
	Publish.bat = Publish.bat
	PublishToMyGet.bat = PublishToMyGet.bat
	README.md = README.md
	PublishToAlexinea.bat = PublishToAlexinea.bat
EndProjectSection
EndProject
Global
	GlobalSection(SolutionConfigurationPlatforms) = preSolution
		Debug|Any CPU = Debug|Any CPU
		Release|Any CPU = Release|Any CPU
	EndGlobalSection
	GlobalSection(ProjectConfigurationPlatforms) = postSolution
		{27C23A57-2C63-4C51-A102-A20A7A4D2016}.Debug|Any CPU.ActiveCfg = Debug|Any CPU
		{27C23A57-2C63-4C51-A102-A20A7A4D2016}.Debug|Any CPU.Build.0 = Debug|Any CPU
		{27C23A57-2C63-4C51-A102-A20A7A4D2016}.Release|Any CPU.ActiveCfg = Release|Any CPU
		{27C23A57-2C63-4C51-A102-A20A7A4D2016}.Release|Any CPU.Build.0 = Release|Any CPU
		{A630520D-F1C3-46C4-92C7-3AB184A26105}.Debug|Any CPU.ActiveCfg = Debug|Any CPU
		{A630520D-F1C3-46C4-92C7-3AB184A26105}.Debug|Any CPU.Build.0 = Debug|Any CPU
		{A630520D-F1C3-46C4-92C7-3AB184A26105}.Release|Any CPU.ActiveCfg = Release|Any CPU
		{A630520D-F1C3-46C4-92C7-3AB184A26105}.Release|Any CPU.Build.0 = Release|Any CPU
		{68D978D8-7EA7-4C9B-B4F7-B107A68D558B}.Debug|Any CPU.ActiveCfg = Debug|Any CPU
		{68D978D8-7EA7-4C9B-B4F7-B107A68D558B}.Debug|Any CPU.Build.0 = Debug|Any CPU
		{68D978D8-7EA7-4C9B-B4F7-B107A68D558B}.Release|Any CPU.ActiveCfg = Release|Any CPU
		{68D978D8-7EA7-4C9B-B4F7-B107A68D558B}.Release|Any CPU.Build.0 = Release|Any CPU
	EndGlobalSection
	GlobalSection(SolutionProperties) = preSolution
		HideSolutionNode = FALSE
	EndGlobalSection
	GlobalSection(NestedProjects) = preSolution
		{27C23A57-2C63-4C51-A102-A20A7A4D2016} = {FCC067FE-90F6-4E55-8169-7D6982B52A8A}
		{A630520D-F1C3-46C4-92C7-3AB184A26105} = {FAB7E90F-6BA0-4305-96C1-B71EB1BBEEC3}
		{68D978D8-7EA7-4C9B-B4F7-B107A68D558B} = {FAB7E90F-6BA0-4305-96C1-B71EB1BBEEC3}
		{ACACF492-6B6B-44B7-B5EE-33A18A1C18EF} = {216BCB4D-E925-4925-8DF6-96719C2DDDAC}
	EndGlobalSection
	GlobalSection(ExtensibilityGlobals) = postSolution
		SolutionGuid = {D59A7B73-5F98-4002-9551-304D243E4B48}
	EndGlobalSection
EndGlobal
